
Microsoft Visual Studio Solution File, Format Version 12.00
# Visual Studio Version 17
VisualStudioVersion = 17.8.34330.188
MinimumVisualStudioVersion = 10.0.40219.1
Project("{9A19103F-16F7-4668-BE54-9A1E7A4F7556}") = "Hooks", "Hooks.csproj", "{51209F23-C574-4691-9BFE-E31214C2D8F8}"
EndProject
Global
	GlobalSection(SolutionConfigurationPlatforms) = preSolution
		Debug|Any CPU = Debug|Any CPU
		Debug|x64 = Debug|x64
		Debug|x86 = Debug|x86
		Release|Any CPU = Release|Any CPU
		Release|x64 = Release|x64
		Release|x86 = Release|x86
	EndGlobalSection
	GlobalSection(ProjectConfigurationPlatforms) = postSolution
		{51209F23-C574-4691-9BFE-E31214C2D8F8}.Debug|Any CPU.ActiveCfg = Debug|Any CPU
		{51209F23-C574-4691-9BFE-E31214C2D8F8}.Debug|Any CPU.Build.0 = Debug|Any CPU
		{51209F23-C574-4691-9BFE-E31214C2D8F8}.Debug|x64.ActiveCfg = Debug|x64
		{51209F23-C574-4691-9BFE-E31214C2D8F8}.Debug|x64.Build.0 = Debug|x64
		{51209F23-C574-4691-9BFE-E31214C2D8F8}.Debug|x86.ActiveCfg = Debug|x86
		{51209F23-C574-4691-9BFE-E31214C2D8F8}.Debug|x86.Build.0 = Debug|x86
		{51209F23-C574-4691-9BFE-E31214C2D8F8}.Release|Any CPU.ActiveCfg = Release|Any CPU
		{51209F23-C574-4691-9BFE-E31214C2D8F8}.Release|Any CPU.Build.0 = Release|Any CPU
		{51209F23-C574-4691-9BFE-E31214C2D8F8}.Release|x64.ActiveCfg = Release|x64
		{51209F23-C574-4691-9BFE-E31214C2D8F8}.Release|x64.Build.0 = Release|x64
		{51209F23-C574-4691-9BFE-E31214C2D8F8}.Release|x86.ActiveCfg = Release|x86
		{51209F23-C574-4691-9BFE-E31214C2D8F8}.Release|x86.Build.0 = Release|x86
	EndGlobalSection
	GlobalSection(SolutionProperties) = preSolution
		HideSolutionNode = FALSE
	EndGlobalSection
	GlobalSection(ExtensibilityGlobals) = postSolution
		SolutionGuid = {EF52C5FC-623D-45DC-97C0-6FC7E11C3C2B}
	EndGlobalSection
EndGlobal
